
Microsoft Visual Studio Solution File, Format Version 12.00
# Visual Studio Version 16
VisualStudioVersion = 16.0.29609.76
MinimumVisualStudioVersion = 10.0.40219.1
Project("{8BC9CEB8-8B4A-11D0-8D11-00A0C91BC942}") = "linked_list_test", "linked_list_test\linked_list_test.vcxproj", "{8F2421AA-344C-45BE-8C11-EC0E35BC4FE4}"
EndProject
Global
	GlobalSection(SolutionConfigurationPlatforms) = preSolution
		Debug|x64 = Debug|x64
		Debug|x86 = Debug|x86
		Release|x64 = Release|x64
		Release|x86 = Release|x86
	EndGlobalSection
	GlobalSection(ProjectConfigurationPlatforms) = postSolution
		{8F2421AA-344C-45BE-8C11-EC0E35BC4FE4}.Debug|x64.ActiveCfg = Debug|x64
		{8F2421AA-344C-45BE-8C11-EC0E35BC4FE4}.Debug|x64.Build.0 = Debug|x64
		{8F2421AA-344C-45BE-8C11-EC0E35BC4FE4}.Debug|x86.ActiveCfg = Debug|Win32
		{8F2421AA-344C-45BE-8C11-EC0E35BC4FE4}.Debug|x86.Build.0 = Debug|Win32
		{8F2421AA-344C-45BE-8C11-EC0E35BC4FE4}.Release|x64.ActiveCfg = Release|x64
		{8F2421AA-344C-45BE-8C11-EC0E35BC4FE4}.Release|x64.Build.0 = Release|x64
		{8F2421AA-344C-45BE-8C11-EC0E35BC4FE4}.Release|x86.ActiveCfg = Release|Win32
		{8F2421AA-344C-45BE-8C11-EC0E35BC4FE4}.Release|x86.Build.0 = Release|Win32
	EndGlobalSection
	GlobalSection(SolutionProperties) = preSolution
		HideSolutionNode = FALSE
	EndGlobalSection
	GlobalSection(ExtensibilityGlobals) = postSolution
		SolutionGuid = {2777F401-E0A5-44FB-8A18-278B35C3AA13}
	EndGlobalSection
EndGlobal
