
Microsoft Visual Studio Solution File, Format Version 12.00
# Visual Studio Version 16
VisualStudioVersion = 16.0.29609.76
MinimumVisualStudioVersion = 10.0.40219.1
Project("{8BC9CEB8-8B4A-11D0-8D11-00A0C91BC942}") = "Recursion", "Recursion\Recursion.vcxproj", "{0EDE5AA4-9982-4A7E-9928-D59F0CCB60D9}"
EndProject
Global
	GlobalSection(SolutionConfigurationPlatforms) = preSolution
		Debug|x64 = Debug|x64
		Debug|x86 = Debug|x86
		Release|x64 = Release|x64
		Release|x86 = Release|x86
	EndGlobalSection
	GlobalSection(ProjectConfigurationPlatforms) = postSolution
		{0EDE5AA4-9982-4A7E-9928-D59F0CCB60D9}.Debug|x64.ActiveCfg = Debug|x64
		{0EDE5AA4-9982-4A7E-9928-D59F0CCB60D9}.Debug|x64.Build.0 = Debug|x64
		{0EDE5AA4-9982-4A7E-9928-D59F0CCB60D9}.Debug|x86.ActiveCfg = Debug|Win32
		{0EDE5AA4-9982-4A7E-9928-D59F0CCB60D9}.Debug|x86.Build.0 = Debug|Win32
		{0EDE5AA4-9982-4A7E-9928-D59F0CCB60D9}.Release|x64.ActiveCfg = Release|x64
		{0EDE5AA4-9982-4A7E-9928-D59F0CCB60D9}.Release|x64.Build.0 = Release|x64
		{0EDE5AA4-9982-4A7E-9928-D59F0CCB60D9}.Release|x86.ActiveCfg = Release|Win32
		{0EDE5AA4-9982-4A7E-9928-D59F0CCB60D9}.Release|x86.Build.0 = Release|Win32
	EndGlobalSection
	GlobalSection(SolutionProperties) = preSolution
		HideSolutionNode = FALSE
	EndGlobalSection
	GlobalSection(ExtensibilityGlobals) = postSolution
		SolutionGuid = {9169D1BD-2ED9-4FE5-8AC0-550EA4E308AB}
	EndGlobalSection
EndGlobal
